
Microsoft Visual Studio Solution File, Format Version 12.00
# Visual Studio Version 17
VisualStudioVersion = 17.14.36109.1 d17.14
MinimumVisualStudioVersion = 10.0.40219.1
Project("{FAE04EC0-301F-11D3-BF4B-00C04F79EFBC}") = "CthulhuRealm", "CthulhuRealm.csproj", "{954EB27E-A19B-4860-2D44-09AFD12CA952}"
EndProject
Global
	GlobalSection(SolutionConfigurationPlatforms) = preSolution
		Debug|Any CPU = Debug|Any CPU
		Release|Any CPU = Release|Any CPU
	EndGlobalSection
	GlobalSection(ProjectConfigurationPlatforms) = postSolution
		{954EB27E-A19B-4860-2D44-09AFD12CA952}.Debug|Any CPU.ActiveCfg = Debug|Any CPU
		{954EB27E-A19B-4860-2D44-09AFD12CA952}.Debug|Any CPU.Build.0 = Debug|Any CPU
		{954EB27E-A19B-4860-2D44-09AFD12CA952}.Release|Any CPU.ActiveCfg = Release|Any CPU
		{954EB27E-A19B-4860-2D44-09AFD12CA952}.Release|Any CPU.Build.0 = Release|Any CPU
	EndGlobalSection
	GlobalSection(SolutionProperties) = preSolution
		HideSolutionNode = FALSE
	EndGlobalSection
	GlobalSection(ExtensibilityGlobals) = postSolution
		SolutionGuid = {FEBBE192-485A-4B66-AA3A-5B221F016226}
	EndGlobalSection
EndGlobal
